{
  "name": "votingApp",
  "lockfileVersion": 3,
  "requires": true,
  "packages": {
    "": {
      "dependencies": {
        "firebase-sdk": "^0.0.0"
      }
    },
    "node_modules/firebase-sdk": {
      "version": "0.0.0",
      "resolved": "https://registry.npmjs.org/firebase-sdk/-/firebase-sdk-0.0.0.tgz",
      "integrity": "sha512-8BoPkhl6AgmVbp0W8wAVwxNxKKX3Ov4Z5sETKQu+AFfqTnDXohsYugn5Mpx0bDKiQvyM9QumWjEiUKi1umfRGw=="
    }
  }
}
